// !$*UTF8*$!
{
	archiveVersion = 1;
	classes = {
	};
	objectVersion = 50;
	objects = {

/* Begin PBXBuildFile section */
		A506096926C9DA480026F9AB /* AppDelegate.swift in Sources */ = {isa = PBXBuildFile; fileRef = A506096826C9DA480026F9AB /* AppDelegate.swift */; };
		A506096B26C9DA480026F9AB /* SceneDelegate.swift in Sources */ = {isa = PBXBuildFile; fileRef = A506096A26C9DA480026F9AB /* SceneDelegate.swift */; };
		A506096D26C9DA480026F9AB /* ViewController.swift in Sources */ = {isa = PBXBuildFile; fileRef = A506096C26C9DA480026F9AB /* ViewController.swift */; };
		A506097026C9DA480026F9AB /* Main.storyboard in Resources */ = {isa = PBXBuildFile; fileRef = A506096E26C9DA480026F9AB /* Main.storyboard */; };
		A506097226C9DA4A0026F9AB /* Assets.xcassets in Resources */ = {isa = PBXBuildFile; fileRef = A506097126C9DA4A0026F9AB /* Assets.xcassets */; };
		A506097526C9DA4A0026F9AB /* LaunchScreen.storyboard in Resources */ = {isa = PBXBuildFile; fileRef = A506097326C9DA4A0026F9AB /* LaunchScreen.storyboard */; };
		A506098026C9DA4A0026F9AB /* tipCalculatorTests.swift in Sources */ = {isa = PBXBuildFile; fileRef = A506097F26C9DA4A0026F9AB /* tipCalculatorTests.swift */; };
		A506098B26C9DA4A0026F9AB /* tipCalculatorUITests.swift in Sources */ = {isa = PBXBuildFile; fileRef = A506098A26C9DA4A0026F9AB /* tipCalculatorUITests.swift */; };
/* End PBXBuildFile section */

/* Begin PBXContainerItemProxy section */
		A506097C26C9DA4A0026F9AB /* PBXContainerItemProxy */ = {
			isa = PBXContainerItemProxy;
			containerPortal = A506095D26C9DA480026F9AB /* Project object */;
			proxyType = 1;
			remoteGlobalIDString = A506096426C9DA480026F9AB;
			remoteInfo = tipCalculator;
		};
		A506098726C9DA4A0026F9AB /* PBXContainerItemProxy */ = {
			isa = PBXContainerItemProxy;
			containerPortal = A506095D26C9DA480026F9AB /* Project object */;
			proxyType = 1;
			remoteGlobalIDString = A506096426C9DA480026F9AB;
			remoteInfo = tipCalculator;
		};
/* End PBXContainerItemProxy section */

/* Begin PBXFileReference section */
		A506096526C9DA480026F9AB /* tipCalculator.app */ = {isa = PBXFileReference; explicitFileType = wrapper.application; includeInIndex = 0; path = tipCalculator.app; sourceTree = BUILT_PRODUCTS_DIR; };
		A506096826C9DA480026F9AB /* AppDelegate.swift */ = {isa = PBXFileReference; lastKnownFileType = sourcecode.swift; path = AppDelegate.swift; sourceTree = "<group>"; };
		A506096A26C9DA480026F9AB /* SceneDelegate.swift */ = {isa = PBXFileReference; lastKnownFileType = sourcecode.swift; path = SceneDelegate.swift; sourceTree = "<group>"; };
		A506096C26C9DA480026F9AB /* ViewController.swift */ = {isa = PBXFileReference; lastKnownFileType = sourcecode.swift; path = ViewController.swift; sourceTree = "<group>"; };
		A506096F26C9DA480026F9AB /* Base */ = {isa = PBXFileReference; lastKnownFileType = file.storyboard; name = Base; path = Base.lproj/Main.storyboard; sourceTree = "<group>"; };
		A506097126C9DA4A0026F9AB /* Assets.xcassets */ = {isa = PBXFileReference; lastKnownFileType = folder.assetcatalog; path = Assets.xcassets; sourceTree = "<group>"; };
		A506097426C9DA4A0026F9AB /* Base */ = {isa = PBXFileReference; lastKnownFileType = file.storyboard; name = Base; path = Base.lproj/LaunchScreen.storyboard; sourceTree = "<group>"; };
		A506097626C9DA4A0026F9AB /* Info.plist */ = {isa = PBXFileReference; lastKnownFileType = text.plist.xml; path = Info.plist; sourceTree = "<group>"; };
		A506097B26C9DA4A0026F9AB /* tipCalculatorTests.xctest */ = {isa = PBXFileReference; explicitFileType = wrapper.cfbundle; includeInIndex = 0; path = tipCalculatorTests.xctest; sourceTree = BUILT_PRODUCTS_DIR; };
		A506097F26C9DA4A0026F9AB /* tipCalculatorTests.swift */ = {isa = PBXFileReference; lastKnownFileType = sourcecode.swift; path = tipCalculatorTests.swift; sourceTree = "<group>"; };
		A506098126C9DA4A0026F9AB /* Info.plist */ = {isa = PBXFileReference; lastKnownFileType = text.plist.xml; path = Info.plist; sourceTree = "<group>"; };
		A506098626C9DA4A0026F9AB /* tipCalculatorUITests.xctest */ = {isa = PBXFileReference; explicitFileType = wrapper.cfbundle; includeInIndex = 0; path = tipCalculatorUITests.xctest; sourceTree = BUILT_PRODUCTS_DIR; };
		A506098A26C9DA4A0026F9AB /* tipCalculatorUITests.swift */ = {isa = PBXFileReference; lastKnownFileType = sourcecode.swift; path = tipCalculatorUITests.swift; sourceTree = "<group>"; };
		A506098C26C9DA4A0026F9AB /* Info.plist */ = {isa = PBXFileReference; lastKnownFileType = text.plist.xml; path = Info.plist; sourceTree = "<group>"; };
/* End PBXFileReference section */

/* Begin PBXFrameworksBuildPhase section */
		A506096226C9DA480026F9AB /* Frameworks */ = {
			isa = PBXFrameworksBuildPhase;
			buildActionMask = 2147483647;
			files = (
			);
			runOnlyForDeploymentPostprocessing = 0;
		};
		A506097826C9DA4A0026F9AB /* Frameworks */ = {
			isa = PBXFrameworksBuildPhase;
			buildActionMask = 2147483647;
			files = (
			);
			runOnlyForDeploymentPostprocessing = 0;
		};
		A506098326C9DA4A0026F9AB /* Frameworks */ = {
			isa = PBXFrameworksBuildPhase;
			buildActionMask = 2147483647;
			files = (
			);
			runOnlyForDeploymentPostprocessing = 0;
		};
/* End PBXFrameworksBuildPhase section */

/* Begin PBXGroup section */
		A506095C26C9DA480026F9AB = {
			isa = PBXGroup;
			children = (
				A506096726C9DA480026F9AB /* tipCalculator */,
				A506097E26C9DA4A0026F9AB /* tipCalculatorTests */,
				A506098926C9DA4A0026F9AB /* tipCalculatorUITests */,
				A506096626C9DA480026F9AB /* Products */,
			);
			sourceTree = "<group>";
		};
		A506096626C9DA480026F9AB /* Products */ = {
			isa = PBXGroup;
			children = (
				A506096526C9DA480026F9AB /* tipCalculator.app */,
				A506097B26C9DA4A0026F9AB /* tipCalculatorTests.xctest */,
				A506098626C9DA4A0026F9AB /* tipCalculatorUITests.xctest */,
			);
			name = Products;
			sourceTree = "<group>";
		};
		A506096726C9DA480026F9AB /* tipCalculator */ = {
			isa = PBXGroup;
			children = (
				A506096826C9DA480026F9AB /* AppDelegate.swift */,
				A506096A26C9DA480026F9AB /* SceneDelegate.swift */,
				A506096C26C9DA480026F9AB /* ViewController.swift */,
				A506096E26C9DA480026F9AB /* Main.storyboard */,
				A506097126C9DA4A0026F9AB /* Assets.xcassets */,
				A506097326C9DA4A0026F9AB /* LaunchScreen.storyboard */,
				A506097626C9DA4A0026F9AB /* Info.plist */,
			);
			path = tipCalculator;
			sourceTree = "<group>";
		};
		A506097E26C9DA4A0026F9AB /* tipCalculatorTests */ = {
			isa = PBXGroup;
			children = (
				A506097F26C9DA4A0026F9AB /* tipCalculatorTests.swift */,
				A506098126C9DA4A0026F9AB /* Info.plist */,
			);
			path = tipCalculatorTests;
			sourceTree = "<group>";
		};
		A506098926C9DA4A0026F9AB /* tipCalculatorUITests */ = {
			isa = PBXGroup;
			children = (
				A506098A26C9DA4A0026F9AB /* tipCalculatorUITests.swift */,
				A506098C26C9DA4A0026F9AB /* Info.plist */,
			);
			path = tipCalculatorUITests;
			sourceTree = "<group>";
		};
/* End PBXGroup section */

/* Begin PBXNativeTarget section */
		A506096426C9DA480026F9AB /* tipCalculator */ = {
			isa = PBXNativeTarget;
			buildConfigurationList = A506098F26C9DA4A0026F9AB /* Build configuration list for PBXNativeTarget "tipCalculator" */;
			buildPhases = (
				A506096126C9DA480026F9AB /* Sources */,
				A506096226C9DA480026F9AB /* Frameworks */,
				A506096326C9DA480026F9AB /* Resources */,
			);
			buildRules = (
			);
			dependencies = (
			);
			name = tipCalculator;
			productName = tipCalculator;
			productReference = A506096526C9DA480026F9AB /* tipCalculator.app */;
			productType = "com.apple.product-type.application";
		};
		A506097A26C9DA4A0026F9AB /* tipCalculatorTests */ = {
			isa = PBXNativeTarget;
			buildConfigurationList = A506099226C9DA4A0026F9AB /* Build configuration list for PBXNativeTarget "tipCalculatorTests" */;
			buildPhases = (
				A506097726C9DA4A0026F9AB /* Sources */,
				A506097826C9DA4A0026F9AB /* Frameworks */,
				A506097926C9DA4A0026F9AB /* Resources */,
			);
			buildRules = (
			);
			dependencies = (
				A506097D26C9DA4A0026F9AB /* PBXTargetDependency */,
			);
			name = tipCalculatorTests;
			productName = tipCalculatorTests;
			productReference = A506097B26C9DA4A0026F9AB /* tipCalculatorTests.xctest */;
			productType = "com.apple.product-type.bundle.unit-test";
		};
		A506098526C9DA4A0026F9AB /* tipCalculatorUITests */ = {
			isa = PBXNativeTarget;
			buildConfigurationList = A506099526C9DA4A0026F9AB /* Build configuration list for PBXNativeTarget "tipCalculatorUITests" */;
			buildPhases = (
				A506098226C9DA4A0026F9AB /* Sources */,
				A506098326C9DA4A0026F9AB /* Frameworks */,
				A506098426C9DA4A0026F9AB /* Resources */,
			);
			buildRules = (
			);
			dependencies = (
				A506098826C9DA4A0026F9AB /* PBXTargetDependency */,
			);
			name = tipCalculatorUITests;
			productName = tipCalculatorUITests;
			productReference = A506098626C9DA4A0026F9AB /* tipCalculatorUITests.xctest */;
			productType = "com.apple.product-type.bundle.ui-testing";
		};
/* End PBXNativeTarget section */

/* Begin PBXProject section */
		A506095D26C9DA480026F9AB /* Project object */ = {
			isa = PBXProject;
			attributes = {
				LastSwiftUpdateCheck = 1250;
				LastUpgradeCheck = 1250;
				TargetAttributes = {
					A506096426C9DA480026F9AB = {
						CreatedOnToolsVersion = 12.5.1;
					};
					A506097A26C9DA4A0026F9AB = {
						CreatedOnToolsVersion = 12.5.1;
						TestTargetID = A506096426C9DA480026F9AB;
					};
					A506098526C9DA4A0026F9AB = {
						CreatedOnToolsVersion = 12.5.1;
						TestTargetID = A506096426C9DA480026F9AB;
					};
				};
			};
			buildConfigurationList = A506096026C9DA480026F9AB /* Build configuration list for PBXProject "tipCalculator" */;
			compatibilityVersion = "Xcode 9.3";
			developmentRegion = en;
			hasScannedForEncodings = 0;
			knownRegions = (
				en,
				Base,
			);
			mainGroup = A506095C26C9DA480026F9AB;
			productRefGroup = A506096626C9DA480026F9AB /* Products */;
			projectDirPath = "";
			projectRoot = "";
			targets = (
				A506096426C9DA480026F9AB /* tipCalculator */,
				A506097A26C9DA4A0026F9AB /* tipCalculatorTests */,
				A506098526C9DA4A0026F9AB /* tipCalculatorUITests */,
			);
		};
/* End PBXProject section */

/* Begin PBXResourcesBuildPhase section */
		A506096326C9DA480026F9AB /* Resources */ = {
			isa = PBXResourcesBuildPhase;
			buildActionMask = 2147483647;
			files = (
				A506097526C9DA4A0026F9AB /* LaunchScreen.storyboard in Resources */,
				A506097226C9DA4A0026F9AB /* Assets.xcassets in Resources */,
				A506097026C9DA480026F9AB /* Main.storyboard in Resources */,
			);
			runOnlyForDeploymentPostprocessing = 0;
		};
		A506097926C9DA4A0026F9AB /* Resources */ = {
			isa = PBXResourcesBuildPhase;
			buildActionMask = 2147483647;
			files = (
			);
			runOnlyForDeploymentPostprocessing = 0;
		};
		A506098426C9DA4A0026F9AB /* Resources */ = {
			isa = PBXResourcesBuildPhase;
			buildActionMask = 2147483647;
			files = (
			);
			runOnlyForDeploymentPostprocessing = 0;
		};
/* End PBXResourcesBuildPhase section */

/* Begin PBXSourcesBuildPhase section */
		A506096126C9DA480026F9AB /* Sources */ = {
			isa = PBXSourcesBuildPhase;
			buildActionMask = 2147483647;
			files = (
				A506096D26C9DA480026F9AB /* ViewController.swift in Sources */,
				A506096926C9DA480026F9AB /* AppDelegate.swift in Sources */,
				A506096B26C9DA480026F9AB /* SceneDelegate.swift in Sources */,
			);
			runOnlyForDeploymentPostprocessing = 0;
		};
		A506097726C9DA4A0026F9AB /* Sources */ = {
			isa = PBXSourcesBuildPhase;
			buildActionMask = 2147483647;
			files = (
				A506098026C9DA4A0026F9AB /* tipCalculatorTests.swift in Sources */,
			);
			runOnlyForDeploymentPostprocessing = 0;
		};
		A506098226C9DA4A0026F9AB /* Sources */ = {
			isa = PBXSourcesBuildPhase;
			buildActionMask = 2147483647;
			files = (
				A506098B26C9DA4A0026F9AB /* tipCalculatorUITests.swift in Sources */,
			);
			runOnlyForDeploymentPostprocessing = 0;
		};
/* End PBXSourcesBuildPhase section */

/* Begin PBXTargetDependency section */
		A506097D26C9DA4A0026F9AB /* PBXTargetDependency */ = {
			isa = PBXTargetDependency;
			target = A506096426C9DA480026F9AB /* tipCalculator */;
			targetProxy = A506097C26C9DA4A0026F9AB /* PBXContainerItemProxy */;
		};
		A506098826C9DA4A0026F9AB /* PBXTargetDependency */ = {
			isa = PBXTargetDependency;
			target = A506096426C9DA480026F9AB /* tipCalculator */;
			targetProxy = A506098726C9DA4A0026F9AB /* PBXContainerItemProxy */;
		};
/* End PBXTargetDependency section */

/* Begin PBXVariantGroup section */
		A506096E26C9DA480026F9AB /* Main.storyboard */ = {
			isa = PBXVariantGroup;
			children = (
				A506096F26C9DA480026F9AB /* Base */,
			);
			name = Main.storyboard;
			sourceTree = "<group>";
		};
		A506097326C9DA4A0026F9AB /* LaunchScreen.storyboard */ = {
			isa = PBXVariantGroup;
			children = (
				A506097426C9DA4A0026F9AB /* Base */,
			);
			name = LaunchScreen.storyboard;
			sourceTree = "<group>";
		};
/* End PBXVariantGroup section */

/* Begin XCBuildConfiguration section */
		A506098D26C9DA4A0026F9AB /* Debug */ = {
			isa = XCBuildConfiguration;
			buildSettings = {
				ALWAYS_SEARCH_USER_PATHS = NO;
				CLANG_ANALYZER_NONNULL = YES;
				CLANG_ANALYZER_NUMBER_OBJECT_CONVERSION = YES_AGGRESSIVE;
				CLANG_CXX_LANGUAGE_STANDARD = "gnu++14";
				CLANG_CXX_LIBRARY = "libc++";
				CLANG_ENABLE_MODULES = YES;
				CLANG_ENABLE_OBJC_ARC = YES;
				CLANG_ENABLE_OBJC_WEAK = YES;
				CLANG_WARN_BLOCK_CAPTURE_AUTORELEASING = YES;
				CLANG_WARN_BOOL_CONVERSION = YES;
				CLANG_WARN_COMMA = YES;
				CLANG_WARN_CONSTANT_CONVERSION = YES;
				CLANG_WARN_DEPRECATED_OBJC_IMPLEMENTATIONS = YES;
				CLANG_WARN_DIRECT_OBJC_ISA_USAGE = YES_ERROR;
				CLANG_WARN_DOCUMENTATION_COMMENTS = YES;
				CLANG_WARN_EMPTY_BODY = YES;
				CLANG_WARN_ENUM_CONVERSION = YES;
				CLANG_WARN_INFINITE_RECURSION = YES;
				CLANG_WARN_INT_CONVERSION = YES;
				CLANG_WARN_NON_LITERAL_NULL_CONVERSION = YES;
				CLANG_WARN_OBJC_IMPLICIT_RETAIN_SELF = YES;
				CLANG_WARN_OBJC_LITERAL_CONVERSION = YES;
				CLANG_WARN_OBJC_ROOT_CLASS = YES_ERROR;
				CLANG_WARN_QUOTED_INCLUDE_IN_FRAMEWORK_HEADER = YES;
				CLANG_WARN_RANGE_LOOP_ANALYSIS = YES;
				CLANG_WARN_STRICT_PROTOTYPES = YES;
				CLANG_WARN_SUSPICIOUS_MOVE = YES;
				CLANG_WARN_UNGUARDED_AVAILABILITY = YES_AGGRESSIVE;
				CLANG_WARN_UNREACHABLE_CODE = YES;
				CLANG_WARN__DUPLICATE_METHOD_MATCH = YES;
				COPY_PHASE_STRIP = NO;
				DEBUG_INFORMATION_FORMAT = dwarf;
				ENABLE_STRICT_OBJC_MSGSEND = YES;
				ENABLE_TESTABILITY = YES;
				GCC_C_LANGUAGE_STANDARD = gnu11;
				GCC_DYNAMIC_NO_PIC = NO;
				GCC_NO_COMMON_BLOCKS = YES;
				GCC_OPTIMIZATION_LEVEL = 0;
				GCC_PREPROCESSOR_DEFINITIONS = (
					"DEBUG=1",
					"$(inherited)",
				);
				GCC_WARN_64_TO_32_BIT_CONVERSION = YES;
				GCC_WARN_ABOUT_RETURN_TYPE = YES_ERROR;
				GCC_WARN_UNDECLARED_SELECTOR = YES;
				GCC_WARN_UNINITIALIZED_AUTOS = YES_AGGRESSIVE;
				GCC_WARN_UNUSED_FUNCTION = YES;
				GCC_WARN_UNUSED_VARIABLE = YES;
				IPHONEOS_DEPLOYMENT_TARGET = 14.5;
				MTL_ENABLE_DEBUG_INFO = INCLUDE_SOURCE;
				MTL_FAST_MATH = YES;
				ONLY_ACTIVE_ARCH = YES;
				SDKROOT = iphoneos;
				SWIFT_ACTIVE_COMPILATION_CONDITIONS = DEBUG;
				SWIFT_OPTIMIZATION_LEVEL = "-Onone";
			};
			name = Debug;
		};
		A506098E26C9DA4A0026F9AB /* Release */ = {
			isa = XCBuildConfiguration;
			buildSettings = {
				ALWAYS_SEARCH_USER_PATHS = NO;
				CLANG_ANALYZER_NONNULL = YES;
				CLANG_ANALYZER_NUMBER_OBJECT_CONVERSION = YES_AGGRESSIVE;
				CLANG_CXX_LANGUAGE_STANDARD = "gnu++14";
				CLANG_CXX_LIBRARY = "libc++";
				CLANG_ENABLE_MODULES = YES;
				CLANG_ENABLE_OBJC_ARC = YES;
				CLANG_ENABLE_OBJC_WEAK = YES;
				CLANG_WARN_BLOCK_CAPTURE_AUTORELEASING = YES;
				CLANG_WARN_BOOL_CONVERSION = YES;
				CLANG_WARN_COMMA = YES;
				CLANG_WARN_CONSTANT_CONVERSION = YES;
				CLANG_WARN_DEPRECATED_OBJC_IMPLEMENTATIONS = YES;
				CLANG_WARN_DIRECT_OBJC_ISA_USAGE = YES_ERROR;
				CLANG_WARN_DOCUMENTATION_COMMENTS = YES;
				CLANG_WARN_EMPTY_BODY = YES;
				CLANG_WARN_ENUM_CONVERSION = YES;
				CLANG_WARN_INFINITE_RECURSION = YES;
				CLANG_WARN_INT_CONVERSION = YES;
				CLANG_WARN_NON_LITERAL_NULL_CONVERSION = YES;
				CLANG_WARN_OBJC_IMPLICIT_RETAIN_SELF = YES;
				CLANG_WARN_OBJC_LITERAL_CONVERSION = YES;
				CLANG_WARN_OBJC_ROOT_CLASS = YES_ERROR;
				CLANG_WARN_QUOTED_INCLUDE_IN_FRAMEWORK_HEADER = YES;
				CLANG_WARN_RANGE_LOOP_ANALYSIS = YES;
				CLANG_WARN_STRICT_PROTOTYPES = YES;
				CLANG_WARN_SUSPICIOUS_MOVE = YES;
				CLANG_WARN_UNGUARDED_AVAILABILITY = YES_AGGRESSIVE;
				CLANG_WARN_UNREACHABLE_CODE = YES;
				CLANG_WARN__DUPLICATE_METHOD_MATCH = YES;
				COPY_PHASE_STRIP = NO;
				DEBUG_INFORMATION_FORMAT = "dwarf-with-dsym";
				ENABLE_NS_ASSERTIONS = NO;
				ENABLE_STRICT_OBJC_MSGSEND = YES;
				GCC_C_LANGUAGE_STANDARD = gnu11;
				GCC_NO_COMMON_BLOCKS = YES;
				GCC_WARN_64_TO_32_BIT_CONVERSION = YES;
				GCC_WARN_ABOUT_RETURN_TYPE = YES_ERROR;
				GCC_WARN_UNDECLARED_SELECTOR = YES;
				GCC_WARN_UNINITIALIZED_AUTOS = YES_AGGRESSIVE;
				GCC_WARN_UNUSED_FUNCTION = YES;
				GCC_WARN_UNUSED_VARIABLE = YES;
				IPHONEOS_DEPLOYMENT_TARGET = 14.5;
				MTL_ENABLE_DEBUG_INFO = NO;
				MTL_FAST_MATH = YES;
				SDKROOT = iphoneos;
				SWIFT_COMPILATION_MODE = wholemodule;
				SWIFT_OPTIMIZATION_LEVEL = "-O";
				VALIDATE_PRODUCT = YES;
			};
			name = Release;
		};
		A506099026C9DA4A0026F9AB /* Debug */ = {
			isa = XCBuildConfiguration;
			buildSettings = {
				ASSETCATALOG_COMPILER_APPICON_NAME = AppIcon;
				ASSETCATALOG_COMPILER_GLOBAL_ACCENT_COLOR_NAME = AccentColor;
				CODE_SIGN_STYLE = Automatic;
				INFOPLIST_FILE = tipCalculator/Info.plist;
				LD_RUNPATH_SEARCH_PATHS = (
					"$(inherited)",
					"@executable_path/Frameworks",
				);
				PRODUCT_BUNDLE_IDENTIFIER = shoaibrain.com.tipCalculator;
				PRODUCT_NAME = "$(TARGET_NAME)";
				SWIFT_VERSION = 5.0;
				TARGETED_DEVICE_FAMILY = "1,2";
			};
			name = Debug;
		};
		A506099126C9DA4A0026F9AB /* Release */ = {
			isa = XCBuildConfiguration;
			buildSettings = {
				ASSETCATALOG_COMPILER_APPICON_NAME = AppIcon;
				ASSETCATALOG_COMPILER_GLOBAL_ACCENT_COLOR_NAME = AccentColor;
				CODE_SIGN_STYLE = Automatic;
				INFOPLIST_FILE = tipCalculator/Info.plist;
				LD_RUNPATH_SEARCH_PATHS = (
					"$(inherited)",
					"@executable_path/Frameworks",
				);
				PRODUCT_BUNDLE_IDENTIFIER = shoaibrain.com.tipCalculator;
				PRODUCT_NAME = "$(TARGET_NAME)";
				SWIFT_VERSION = 5.0;
				TARGETED_DEVICE_FAMILY = "1,2";
			};
			name = Release;
		};
		A506099326C9DA4A0026F9AB /* Debug */ = {
			isa = XCBuildConfiguration;
			buildSettings = {
				ALWAYS_EMBED_SWIFT_STANDARD_LIBRARIES = YES;
				BUNDLE_LOADER = "$(TEST_HOST)";
				CODE_SIGN_STYLE = Automatic;
				DEVELOPMENT_TEAM = Z676P5U35J;
				INFOPLIST_FILE = tipCalculatorTests/Info.plist;
				IPHONEOS_DEPLOYMENT_TARGET = 14.5;
				LD_RUNPATH_SEARCH_PATHS = (
					"$(inherited)",
					"@executable_path/Frameworks",
					"@loader_path/Frameworks",
				);
				PRODUCT_BUNDLE_IDENTIFIER = shoaibrain.com.tipCalculatorTests;
				PRODUCT_NAME = "$(TARGET_NAME)";
				SWIFT_VERSION = 5.0;
				TARGETED_DEVICE_FAMILY = "1,2";
				TEST_HOST = "$(BUILT_PRODUCTS_DIR)/tipCalculator.app/tipCalculator";
			};
			name = Debug;
		};
		A506099426C9DA4A0026F9AB /* Release */ = {
			isa = XCBuildConfiguration;
			buildSettings = {
				ALWAYS_EMBED_SWIFT_STANDARD_LIBRARIES = YES;
				BUNDLE_LOADER = "$(TEST_HOST)";
				CODE_SIGN_STYLE = Automatic;
				DEVELOPMENT_TEAM = Z676P5U35J;
				INFOPLIST_FILE = tipCalculatorTests/Info.plist;
				IPHONEOS_DEPLOYMENT_TARGET = 14.5;
				LD_RUNPATH_SEARCH_PATHS = (
					"$(inherited)",
					"@executable_path/Frameworks",
					"@loader_path/Frameworks",
				);
				PRODUCT_BUNDLE_IDENTIFIER = shoaibrain.com.tipCalculatorTests;
				PRODUCT_NAME = "$(TARGET_NAME)";
				SWIFT_VERSION = 5.0;
				TARGETED_DEVICE_FAMILY = "1,2";
				TEST_HOST = "$(BUILT_PRODUCTS_DIR)/tipCalculator.app/tipCalculator";
			};
			name = Release;
		};
		A506099626C9DA4A0026F9AB /* Debug */ = {
			isa = XCBuildConfiguration;
			buildSettings = {
				ALWAYS_EMBED_SWIFT_STANDARD_LIBRARIES = YES;
				CODE_SIGN_STYLE = Automatic;
				DEVELOPMENT_TEAM = Z676P5U35J;
				INFOPLIST_FILE = tipCalculatorUITests/Info.plist;
				LD_RUNPATH_SEARCH_PATHS = (
					"$(inherited)",
					"@executable_path/Frameworks",
					"@loader_path/Frameworks",
				);
				PRODUCT_BUNDLE_IDENTIFIER = shoaibrain.com.tipCalculatorUITests;
				PRODUCT_NAME = "$(TARGET_NAME)";
				SWIFT_VERSION = 5.0;
				TARGETED_DEVICE_FAMILY = "1,2";
				TEST_TARGET_NAME = tipCalculator;
			};
			name = Debug;
		};
		A506099726C9DA4A0026F9AB /* Release */ = {
			isa = XCBuildConfiguration;
			buildSettings = {
				ALWAYS_EMBED_SWIFT_STANDARD_LIBRARIES = YES;
				CODE_SIGN_STYLE = Automatic;
				DEVELOPMENT_TEAM = Z676P5U35J;
				INFOPLIST_FILE = tipCalculatorUITests/Info.plist;
				LD_RUNPATH_SEARCH_PATHS = (
					"$(inherited)",
					"@executable_path/Frameworks",
					"@loader_path/Frameworks",
				);
				PRODUCT_BUNDLE_IDENTIFIER = shoaibrain.com.tipCalculatorUITests;
				PRODUCT_NAME = "$(TARGET_NAME)";
				SWIFT_VERSION = 5.0;
				TARGETED_DEVICE_FAMILY = "1,2";
				TEST_TARGET_NAME = tipCalculator;
			};
			name = Release;
		};
/* End XCBuildConfiguration section */

/* Begin XCConfigurationList section */
		A506096026C9DA480026F9AB /* Build configuration list for PBXProject "tipCalculator" */ = {
			isa = XCConfigurationList;
			buildConfigurations = (
				A506098D26C9DA4A0026F9AB /* Debug */,
				A506098E26C9DA4A0026F9AB /* Release */,
			);
			defaultConfigurationIsVisible = 0;
			defaultConfigurationName = Release;
		};
		A506098F26C9DA4A0026F9AB /* Build configuration list for PBXNativeTarget "tipCalculator" */ = {
			isa = XCConfigurationList;
			buildConfigurations = (
				A506099026C9DA4A0026F9AB /* Debug */,
				A506099126C9DA4A0026F9AB /* Release */,
			);
			defaultConfigurationIsVisible = 0;
			defaultConfigurationName = Release;
		};
		A506099226C9DA4A0026F9AB /* Build configuration list for PBXNativeTarget "tipCalculatorTests" */ = {
			isa = XCConfigurationList;
			buildConfigurations = (
				A506099326C9DA4A0026F9AB /* Debug */,
				A506099426C9DA4A0026F9AB /* Release */,
			);
			defaultConfigurationIsVisible = 0;
			defaultConfigurationName = Release;
		};
		A506099526C9DA4A0026F9AB /* Build configuration list for PBXNativeTarget "tipCalculatorUITests" */ = {
			isa = XCConfigurationList;
			buildConfigurations = (
				A506099626C9DA4A0026F9AB /* Debug */,
				A506099726C9DA4A0026F9AB /* Release */,
			);
			defaultConfigurationIsVisible = 0;
			defaultConfigurationName = Release;
		};
/* End XCConfigurationList section */
	};
	rootObject = A506095D26C9DA480026F9AB /* Project object */;
}
